{
  "name": "ytsearcher",
  "version": "1.1.1",
  "lockfileVersion": 1,
  "requires": true,
  "dependencies": {
    "querystring": {
      "version": "0.2.0",
      "resolved": "https://registry.npmjs.org/querystring/-/querystring-0.2.0.tgz",
      "integrity": "sha1-sgmEkgO7Jd+CDadW50cAWHhSFiA="
    },
    "snekfetch": {
      "version": "4.0.2",
      "resolved": "https://registry.npmjs.org/snekfetch/-/snekfetch-4.0.2.tgz",
      "integrity": "sha512-oAOHvakkGjzhwdawoRRVpjGSBUTIuLJHluSbTWpC1FjOLwvvL/rZMCJEfEf8RIlsnXB3Kci/yAAc8osa0+AFlQ=="
    }
  }
}
